
Microsoft Visual Studio Solution File, Format Version 12.00
# Visual Studio Version 16
VisualStudioVersion = 16.0.30413.136
MinimumVisualStudioVersion = 10.0.40219.1
Project("{9A19103F-16F7-4668-BE54-9A1E7A4F7556}") = "WebApplication2", "WebApplication2\WebApplication2.csproj", "{7993B812-DB78-41EA-AE55-9DFD324928DE}"
EndProject
Project("{9A19103F-16F7-4668-BE54-9A1E7A4F7556}") = "MessageContracts", "MessageContracts\MessageContracts.csproj", "{603AB340-873F-455B-B770-9C88A175B296}"
EndProject
Project("{9A19103F-16F7-4668-BE54-9A1E7A4F7556}") = "Sample-RequestResponse", "Sample-RequestResponse\Sample-RequestResponse.csproj", "{F8CE64AA-7E88-46D7-9FCD-A90974C718C6}"
EndProject
Project("{9A19103F-16F7-4668-BE54-9A1E7A4F7556}") = "SampleSaga", "SampleSaga\SampleSaga.csproj", "{1F3B9DB4-41DB-4115-9A68-B6065DB12506}"
EndProject
Project("{FAE04EC0-301F-11D3-BF4B-00C04F79EFBC}") = "WebAppRmq", "WebAppRmq\WebAppRmq.csproj", "{8431BD95-15F6-413F-BDB4-DD875DF0EE56}"
EndProject
Project("{2150E333-8FDC-42A3-9474-1A3956D46DE8}") = "Rmq", "Rmq", "{16760244-8F1C-442C-9625-F8B9B0233788}"
EndProject
Project("{FAE04EC0-301F-11D3-BF4B-00C04F79EFBC}") = "Rmq-ReguestResponse", "Rmq-ReguestResponse\Rmq-ReguestResponse.csproj", "{6B89B345-4EEE-4FF1-9826-FB4BD7CE5266}"
EndProject
Global
	GlobalSection(SolutionConfigurationPlatforms) = preSolution
		Debug|Any CPU = Debug|Any CPU
		Release|Any CPU = Release|Any CPU
	EndGlobalSection
	GlobalSection(ProjectConfigurationPlatforms) = postSolution
		{7993B812-DB78-41EA-AE55-9DFD324928DE}.Debug|Any CPU.ActiveCfg = Debug|Any CPU
		{7993B812-DB78-41EA-AE55-9DFD324928DE}.Debug|Any CPU.Build.0 = Debug|Any CPU
		{7993B812-DB78-41EA-AE55-9DFD324928DE}.Release|Any CPU.ActiveCfg = Release|Any CPU
		{7993B812-DB78-41EA-AE55-9DFD324928DE}.Release|Any CPU.Build.0 = Release|Any CPU
		{603AB340-873F-455B-B770-9C88A175B296}.Debug|Any CPU.ActiveCfg = Debug|Any CPU
		{603AB340-873F-455B-B770-9C88A175B296}.Debug|Any CPU.Build.0 = Debug|Any CPU
		{603AB340-873F-455B-B770-9C88A175B296}.Release|Any CPU.ActiveCfg = Release|Any CPU
		{603AB340-873F-455B-B770-9C88A175B296}.Release|Any CPU.Build.0 = Release|Any CPU
		{F8CE64AA-7E88-46D7-9FCD-A90974C718C6}.Debug|Any CPU.ActiveCfg = Debug|Any CPU
		{F8CE64AA-7E88-46D7-9FCD-A90974C718C6}.Debug|Any CPU.Build.0 = Debug|Any CPU
		{F8CE64AA-7E88-46D7-9FCD-A90974C718C6}.Release|Any CPU.ActiveCfg = Release|Any CPU
		{F8CE64AA-7E88-46D7-9FCD-A90974C718C6}.Release|Any CPU.Build.0 = Release|Any CPU
		{1F3B9DB4-41DB-4115-9A68-B6065DB12506}.Debug|Any CPU.ActiveCfg = Debug|Any CPU
		{1F3B9DB4-41DB-4115-9A68-B6065DB12506}.Debug|Any CPU.Build.0 = Debug|Any CPU
		{1F3B9DB4-41DB-4115-9A68-B6065DB12506}.Release|Any CPU.ActiveCfg = Release|Any CPU
		{1F3B9DB4-41DB-4115-9A68-B6065DB12506}.Release|Any CPU.Build.0 = Release|Any CPU
		{8431BD95-15F6-413F-BDB4-DD875DF0EE56}.Debug|Any CPU.ActiveCfg = Debug|Any CPU
		{8431BD95-15F6-413F-BDB4-DD875DF0EE56}.Debug|Any CPU.Build.0 = Debug|Any CPU
		{8431BD95-15F6-413F-BDB4-DD875DF0EE56}.Release|Any CPU.ActiveCfg = Release|Any CPU
		{8431BD95-15F6-413F-BDB4-DD875DF0EE56}.Release|Any CPU.Build.0 = Release|Any CPU
		{6B89B345-4EEE-4FF1-9826-FB4BD7CE5266}.Debug|Any CPU.ActiveCfg = Debug|Any CPU
		{6B89B345-4EEE-4FF1-9826-FB4BD7CE5266}.Debug|Any CPU.Build.0 = Debug|Any CPU
		{6B89B345-4EEE-4FF1-9826-FB4BD7CE5266}.Release|Any CPU.ActiveCfg = Release|Any CPU
		{6B89B345-4EEE-4FF1-9826-FB4BD7CE5266}.Release|Any CPU.Build.0 = Release|Any CPU
	EndGlobalSection
	GlobalSection(SolutionProperties) = preSolution
		HideSolutionNode = FALSE
	EndGlobalSection
	GlobalSection(NestedProjects) = preSolution
		{8431BD95-15F6-413F-BDB4-DD875DF0EE56} = {16760244-8F1C-442C-9625-F8B9B0233788}
		{6B89B345-4EEE-4FF1-9826-FB4BD7CE5266} = {16760244-8F1C-442C-9625-F8B9B0233788}
	EndGlobalSection
	GlobalSection(ExtensibilityGlobals) = postSolution
		SolutionGuid = {1E6C2547-4F0B-43BA-9CB0-9D123C578089}
	EndGlobalSection
EndGlobal
